// !$*UTF8*$!
{
	archiveVersion = 1;
	classes = {
	};
	objectVersion = 46;
	objects = {

/* Begin PBXBuildFile section */
		0B4B3FA01D14043400E118E2 /* AppDelegate.swift in Sources */ = {isa = PBXBuildFile; fileRef = 0B4B3F9F1D14043400E118E2 /* AppDelegate.swift */; };
		0B4B3FA21D14043400E118E2 /* ViewController.swift in Sources */ = {isa = PBXBuildFile; fileRef = 0B4B3FA11D14043400E118E2 /* ViewController.swift */; };
		0B4B3FA51D14043400E118E2 /* Main.storyboard in Resources */ = {isa = PBXBuildFile; fileRef = 0B4B3FA31D14043400E118E2 /* Main.storyboard */; };
		0B4B3FA71D14043400E118E2 /* Assets.xcassets in Resources */ = {isa = PBXBuildFile; fileRef = 0B4B3FA61D14043400E118E2 /* Assets.xcassets */; };
		0B4B3FAA1D14043400E118E2 /* LaunchScreen.storyboard in Resources */ = {isa = PBXBuildFile; fileRef = 0B4B3FA81D14043400E118E2 /* LaunchScreen.storyboard */; };
		0B4B3FB51D14043400E118E2 /* ReferenceViewDemoTests.swift in Sources */ = {isa = PBXBuildFile; fileRef = 0B4B3FB41D14043400E118E2 /* ReferenceViewDemoTests.swift */; };
		0B4B3FC01D14043400E118E2 /* ReferenceViewDemoUITests.swift in Sources */ = {isa = PBXBuildFile; fileRef = 0B4B3FBF1D14043400E118E2 /* ReferenceViewDemoUITests.swift */; };
		0B4B3FCE1D14047800E118E2 /* ReferenceView.swift in Sources */ = {isa = PBXBuildFile; fileRef = 0B4B3FCD1D14047800E118E2 /* ReferenceView.swift */; };
		0B4B3FD11D1404A600E118E2 /* CustomView.swift in Sources */ = {isa = PBXBuildFile; fileRef = 0B4B3FD01D1404A600E118E2 /* CustomView.swift */; };
		0B4B3FD31D1404B200E118E2 /* CustomView.xib in Resources */ = {isa = PBXBuildFile; fileRef = 0B4B3FD21D1404B200E118E2 /* CustomView.xib */; };
/* End PBXBuildFile section */

/* Begin PBXContainerItemProxy section */
		0B4B3FB11D14043400E118E2 /* PBXContainerItemProxy */ = {
			isa = PBXContainerItemProxy;
			containerPortal = 0B4B3F941D14043400E118E2 /* Project object */;
			proxyType = 1;
			remoteGlobalIDString = 0B4B3F9B1D14043400E118E2;
			remoteInfo = ReferenceViewDemo;
		};
		0B4B3FBC1D14043400E118E2 /* PBXContainerItemProxy */ = {
			isa = PBXContainerItemProxy;
			containerPortal = 0B4B3F941D14043400E118E2 /* Project object */;
			proxyType = 1;
			remoteGlobalIDString = 0B4B3F9B1D14043400E118E2;
			remoteInfo = ReferenceViewDemo;
		};
/* End PBXContainerItemProxy section */

/* Begin PBXFileReference section */
		0B4B3F9C1D14043400E118E2 /* ReferenceViewDemo.app */ = {isa = PBXFileReference; explicitFileType = wrapper.application; includeInIndex = 0; path = ReferenceViewDemo.app; sourceTree = BUILT_PRODUCTS_DIR; };
		0B4B3F9F1D14043400E118E2 /* AppDelegate.swift */ = {isa = PBXFileReference; lastKnownFileType = sourcecode.swift; path = AppDelegate.swift; sourceTree = "<group>"; };
		0B4B3FA11D14043400E118E2 /* ViewController.swift */ = {isa = PBXFileReference; lastKnownFileType = sourcecode.swift; path = ViewController.swift; sourceTree = "<group>"; };
		0B4B3FA41D14043400E118E2 /* Base */ = {isa = PBXFileReference; lastKnownFileType = file.storyboard; name = Base; path = Base.lproj/Main.storyboard; sourceTree = "<group>"; };
		0B4B3FA61D14043400E118E2 /* Assets.xcassets */ = {isa = PBXFileReference; lastKnownFileType = folder.assetcatalog; path = Assets.xcassets; sourceTree = "<group>"; };
		0B4B3FA91D14043400E118E2 /* Base */ = {isa = PBXFileReference; lastKnownFileType = file.storyboard; name = Base; path = Base.lproj/LaunchScreen.storyboard; sourceTree = "<group>"; };
		0B4B3FAB1D14043400E118E2 /* Info.plist */ = {isa = PBXFileReference; lastKnownFileType = text.plist.xml; path = Info.plist; sourceTree = "<group>"; };
		0B4B3FB01D14043400E118E2 /* ReferenceViewDemoTests.xctest */ = {isa = PBXFileReference; explicitFileType = wrapper.cfbundle; includeInIndex = 0; path = ReferenceViewDemoTests.xctest; sourceTree = BUILT_PRODUCTS_DIR; };
		0B4B3FB41D14043400E118E2 /* ReferenceViewDemoTests.swift */ = {isa = PBXFileReference; lastKnownFileType = sourcecode.swift; path = ReferenceViewDemoTests.swift; sourceTree = "<group>"; };
		0B4B3FB61D14043400E118E2 /* Info.plist */ = {isa = PBXFileReference; lastKnownFileType = text.plist.xml; path = Info.plist; sourceTree = "<group>"; };
		0B4B3FBB1D14043400E118E2 /* ReferenceViewDemoUITests.xctest */ = {isa = PBXFileReference; explicitFileType = wrapper.cfbundle; includeInIndex = 0; path = ReferenceViewDemoUITests.xctest; sourceTree = BUILT_PRODUCTS_DIR; };
		0B4B3FBF1D14043400E118E2 /* ReferenceViewDemoUITests.swift */ = {isa = PBXFileReference; lastKnownFileType = sourcecode.swift; path = ReferenceViewDemoUITests.swift; sourceTree = "<group>"; };
		0B4B3FC11D14043400E118E2 /* Info.plist */ = {isa = PBXFileReference; lastKnownFileType = text.plist.xml; path = Info.plist; sourceTree = "<group>"; };
		0B4B3FCD1D14047800E118E2 /* ReferenceView.swift */ = {isa = PBXFileReference; fileEncoding = 4; lastKnownFileType = sourcecode.swift; path = ReferenceView.swift; sourceTree = "<group>"; };
		0B4B3FD01D1404A600E118E2 /* CustomView.swift */ = {isa = PBXFileReference; fileEncoding = 4; lastKnownFileType = sourcecode.swift; path = CustomView.swift; sourceTree = "<group>"; };
		0B4B3FD21D1404B200E118E2 /* CustomView.xib */ = {isa = PBXFileReference; fileEncoding = 4; lastKnownFileType = file.xib; path = CustomView.xib; sourceTree = "<group>"; };
/* End PBXFileReference section */

/* Begin PBXFrameworksBuildPhase section */
		0B4B3F991D14043400E118E2 /* Frameworks */ = {
			isa = PBXFrameworksBuildPhase;
			buildActionMask = 2147483647;
			files = (
			);
			runOnlyForDeploymentPostprocessing = 0;
		};
		0B4B3FAD1D14043400E118E2 /* Frameworks */ = {
			isa = PBXFrameworksBuildPhase;
			buildActionMask = 2147483647;
			files = (
			);
			runOnlyForDeploymentPostprocessing = 0;
		};
		0B4B3FB81D14043400E118E2 /* Frameworks */ = {
			isa = PBXFrameworksBuildPhase;
			buildActionMask = 2147483647;
			files = (
			);
			runOnlyForDeploymentPostprocessing = 0;
		};
/* End PBXFrameworksBuildPhase section */

/* Begin PBXGroup section */
		0B4B3F931D14043400E118E2 = {
			isa = PBXGroup;
			children = (
				0B4B3F9E1D14043400E118E2 /* ReferenceViewDemo */,
				0B4B3FB31D14043400E118E2 /* ReferenceViewDemoTests */,
				0B4B3FBE1D14043400E118E2 /* ReferenceViewDemoUITests */,
				0B4B3F9D1D14043400E118E2 /* Products */,
			);
			sourceTree = "<group>";
		};
		0B4B3F9D1D14043400E118E2 /* Products */ = {
			isa = PBXGroup;
			children = (
				0B4B3F9C1D14043400E118E2 /* ReferenceViewDemo.app */,
				0B4B3FB01D14043400E118E2 /* ReferenceViewDemoTests.xctest */,
				0B4B3FBB1D14043400E118E2 /* ReferenceViewDemoUITests.xctest */,
			);
			name = Products;
			sourceTree = "<group>";
		};
		0B4B3F9E1D14043400E118E2 /* ReferenceViewDemo */ = {
			isa = PBXGroup;
			children = (
				0B4B3FCF1D14047D00E118E2 /* ReferenceView */,
				0B4B3F9F1D14043400E118E2 /* AppDelegate.swift */,
				0B4B3FA11D14043400E118E2 /* ViewController.swift */,
				0B4B3FD01D1404A600E118E2 /* CustomView.swift */,
				0B4B3FD21D1404B200E118E2 /* CustomView.xib */,
				0B4B3FA61D14043400E118E2 /* Assets.xcassets */,
				0B4B3FA31D14043400E118E2 /* Main.storyboard */,
				0B4B3FA81D14043400E118E2 /* LaunchScreen.storyboard */,
				0B4B3FAB1D14043400E118E2 /* Info.plist */,
			);
			path = ReferenceViewDemo;
			sourceTree = "<group>";
		};
		0B4B3FB31D14043400E118E2 /* ReferenceViewDemoTests */ = {
			isa = PBXGroup;
			children = (
				0B4B3FB41D14043400E118E2 /* ReferenceViewDemoTests.swift */,
				0B4B3FB61D14043400E118E2 /* Info.plist */,
			);
			path = ReferenceViewDemoTests;
			sourceTree = "<group>";
		};
		0B4B3FBE1D14043400E118E2 /* ReferenceViewDemoUITests */ = {
			isa = PBXGroup;
			children = (
				0B4B3FBF1D14043400E118E2 /* ReferenceViewDemoUITests.swift */,
				0B4B3FC11D14043400E118E2 /* Info.plist */,
			);
			path = ReferenceViewDemoUITests;
			sourceTree = "<group>";
		};
		0B4B3FCF1D14047D00E118E2 /* ReferenceView */ = {
			isa = PBXGroup;
			children = (
				0B4B3FCD1D14047800E118E2 /* ReferenceView.swift */,
			);
			name = ReferenceView;
			sourceTree = "<group>";
		};
/* End PBXGroup section */

/* Begin PBXNativeTarget section */
		0B4B3F9B1D14043400E118E2 /* ReferenceViewDemo */ = {
			isa = PBXNativeTarget;
			buildConfigurationList = 0B4B3FC41D14043400E118E2 /* Build configuration list for PBXNativeTarget "ReferenceViewDemo" */;
			buildPhases = (
				0B4B3F981D14043400E118E2 /* Sources */,
				0B4B3F991D14043400E118E2 /* Frameworks */,
				0B4B3F9A1D14043400E118E2 /* Resources */,
			);
			buildRules = (
			);
			dependencies = (
			);
			name = ReferenceViewDemo;
			productName = ReferenceViewDemo;
			productReference = 0B4B3F9C1D14043400E118E2 /* ReferenceViewDemo.app */;
			productType = "com.apple.product-type.application";
		};
		0B4B3FAF1D14043400E118E2 /* ReferenceViewDemoTests */ = {
			isa = PBXNativeTarget;
			buildConfigurationList = 0B4B3FC71D14043400E118E2 /* Build configuration list for PBXNativeTarget "ReferenceViewDemoTests" */;
			buildPhases = (
				0B4B3FAC1D14043400E118E2 /* Sources */,
				0B4B3FAD1D14043400E118E2 /* Frameworks */,
				0B4B3FAE1D14043400E118E2 /* Resources */,
			);
			buildRules = (
			);
			dependencies = (
				0B4B3FB21D14043400E118E2 /* PBXTargetDependency */,
			);
			name = ReferenceViewDemoTests;
			productName = ReferenceViewDemoTests;
			productReference = 0B4B3FB01D14043400E118E2 /* ReferenceViewDemoTests.xctest */;
			productType = "com.apple.product-type.bundle.unit-test";
		};
		0B4B3FBA1D14043400E118E2 /* ReferenceViewDemoUITests */ = {
			isa = PBXNativeTarget;
			buildConfigurationList = 0B4B3FCA1D14043400E118E2 /* Build configuration list for PBXNativeTarget "ReferenceViewDemoUITests" */;
			buildPhases = (
				0B4B3FB71D14043400E118E2 /* Sources */,
				0B4B3FB81D14043400E118E2 /* Frameworks */,
				0B4B3FB91D14043400E118E2 /* Resources */,
			);
			buildRules = (
			);
			dependencies = (
				0B4B3FBD1D14043400E118E2 /* PBXTargetDependency */,
			);
			name = ReferenceViewDemoUITests;
			productName = ReferenceViewDemoUITests;
			productReference = 0B4B3FBB1D14043400E118E2 /* ReferenceViewDemoUITests.xctest */;
			productType = "com.apple.product-type.bundle.ui-testing";
		};
/* End PBXNativeTarget section */

/* Begin PBXProject section */
		0B4B3F941D14043400E118E2 /* Project object */ = {
			isa = PBXProject;
			attributes = {
				LastSwiftUpdateCheck = 0800;
				LastUpgradeCheck = 0800;
				ORGANIZATIONNAME = c0ming;
				TargetAttributes = {
					0B4B3F9B1D14043400E118E2 = {
						CreatedOnToolsVersion = 8.0;
						DevelopmentTeam = 2676Z5JHZN;
						DevelopmentTeamName = "KangMing Zhang (Personal Team)";
						ProvisioningStyle = Automatic;
					};
					0B4B3FAF1D14043400E118E2 = {
						CreatedOnToolsVersion = 8.0;
						DevelopmentTeam = 2676Z5JHZN;
						DevelopmentTeamName = "KangMing Zhang (Personal Team)";
						ProvisioningStyle = Automatic;
						TestTargetID = 0B4B3F9B1D14043400E118E2;
					};
					0B4B3FBA1D14043400E118E2 = {
						CreatedOnToolsVersion = 8.0;
						DevelopmentTeam = 2676Z5JHZN;
						DevelopmentTeamName = "KangMing Zhang (Personal Team)";
						ProvisioningStyle = Automatic;
						TestTargetID = 0B4B3F9B1D14043400E118E2;
					};
				};
			};
			buildConfigurationList = 0B4B3F971D14043400E118E2 /* Build configuration list for PBXProject "ReferenceViewDemo" */;
			compatibilityVersion = "Xcode 3.2";
			developmentRegion = English;
			hasScannedForEncodings = 0;
			knownRegions = (
				en,
				Base,
			);
			mainGroup = 0B4B3F931D14043400E118E2;
			productRefGroup = 0B4B3F9D1D14043400E118E2 /* Products */;
			projectDirPath = "";
			projectRoot = "";
			targets = (
				0B4B3F9B1D14043400E118E2 /* ReferenceViewDemo */,
				0B4B3FAF1D14043400E118E2 /* ReferenceViewDemoTests */,
				0B4B3FBA1D14043400E118E2 /* ReferenceViewDemoUITests */,
			);
		};
/* End PBXProject section */

/* Begin PBXResourcesBuildPhase section */
		0B4B3F9A1D14043400E118E2 /* Resources */ = {
			isa = PBXResourcesBuildPhase;
			buildActionMask = 2147483647;
			files = (
				0B4B3FAA1D14043400E118E2 /* LaunchScreen.storyboard in Resources */,
				0B4B3FD31D1404B200E118E2 /* CustomView.xib in Resources */,
				0B4B3FA71D14043400E118E2 /* Assets.xcassets in Resources */,
				0B4B3FA51D14043400E118E2 /* Main.storyboard in Resources */,
			);
			runOnlyForDeploymentPostprocessing = 0;
		};
		0B4B3FAE1D14043400E118E2 /* Resources */ = {
			isa = PBXResourcesBuildPhase;
			buildActionMask = 2147483647;
			files = (
			);
			runOnlyForDeploymentPostprocessing = 0;
		};
		0B4B3FB91D14043400E118E2 /* Resources */ = {
			isa = PBXResourcesBuildPhase;
			buildActionMask = 2147483647;
			files = (
			);
			runOnlyForDeploymentPostprocessing = 0;
		};
/* End PBXResourcesBuildPhase section */

/* Begin PBXSourcesBuildPhase section */
		0B4B3F981D14043400E118E2 /* Sources */ = {
			isa = PBXSourcesBuildPhase;
			buildActionMask = 2147483647;
			files = (
				0B4B3FA21D14043400E118E2 /* ViewController.swift in Sources */,
				0B4B3FD11D1404A600E118E2 /* CustomView.swift in Sources */,
				0B4B3FCE1D14047800E118E2 /* ReferenceView.swift in Sources */,
				0B4B3FA01D14043400E118E2 /* AppDelegate.swift in Sources */,
			);
			runOnlyForDeploymentPostprocessing = 0;
		};
		0B4B3FAC1D14043400E118E2 /* Sources */ = {
			isa = PBXSourcesBuildPhase;
			buildActionMask = 2147483647;
			files = (
				0B4B3FB51D14043400E118E2 /* ReferenceViewDemoTests.swift in Sources */,
			);
			runOnlyForDeploymentPostprocessing = 0;
		};
		0B4B3FB71D14043400E118E2 /* Sources */ = {
			isa = PBXSourcesBuildPhase;
			buildActionMask = 2147483647;
			files = (
				0B4B3FC01D14043400E118E2 /* ReferenceViewDemoUITests.swift in Sources */,
			);
			runOnlyForDeploymentPostprocessing = 0;
		};
/* End PBXSourcesBuildPhase section */

/* Begin PBXTargetDependency section */
		0B4B3FB21D14043400E118E2 /* PBXTargetDependency */ = {
			isa = PBXTargetDependency;
			target = 0B4B3F9B1D14043400E118E2 /* ReferenceViewDemo */;
			targetProxy = 0B4B3FB11D14043400E118E2 /* PBXContainerItemProxy */;
		};
		0B4B3FBD1D14043400E118E2 /* PBXTargetDependency */ = {
			isa = PBXTargetDependency;
			target = 0B4B3F9B1D14043400E118E2 /* ReferenceViewDemo */;
			targetProxy = 0B4B3FBC1D14043400E118E2 /* PBXContainerItemProxy */;
		};
/* End PBXTargetDependency section */

/* Begin PBXVariantGroup section */
		0B4B3FA31D14043400E118E2 /* Main.storyboard */ = {
			isa = PBXVariantGroup;
			children = (
				0B4B3FA41D14043400E118E2 /* Base */,
			);
			name = Main.storyboard;
			sourceTree = "<group>";
		};
		0B4B3FA81D14043400E118E2 /* LaunchScreen.storyboard */ = {
			isa = PBXVariantGroup;
			children = (
				0B4B3FA91D14043400E118E2 /* Base */,
			);
			name = LaunchScreen.storyboard;
			sourceTree = "<group>";
		};
/* End PBXVariantGroup section */

/* Begin XCBuildConfiguration section */
		0B4B3FC21D14043400E118E2 /* Debug */ = {
			isa = XCBuildConfiguration;
			buildSettings = {
				ALWAYS_SEARCH_USER_PATHS = NO;
				CLANG_ANALYZER_NONNULL = YES;
				CLANG_CXX_LANGUAGE_STANDARD = "gnu++0x";
				CLANG_CXX_LIBRARY = "libc++";
				CLANG_ENABLE_MODULES = YES;
				CLANG_ENABLE_OBJC_ARC = YES;
				CLANG_WARN_BOOL_CONVERSION = YES;
				CLANG_WARN_CONSTANT_CONVERSION = YES;
				CLANG_WARN_DIRECT_OBJC_ISA_USAGE = YES_ERROR;
				CLANG_WARN_DOCUMENTATION_COMMENTS = YES;
				CLANG_WARN_EMPTY_BODY = YES;
				CLANG_WARN_ENUM_CONVERSION = YES;
				CLANG_WARN_INT_CONVERSION = YES;
				CLANG_WARN_OBJC_ROOT_CLASS = YES_ERROR;
				CLANG_WARN_UNREACHABLE_CODE = YES;
				CLANG_WARN__DUPLICATE_METHOD_MATCH = YES;
				"CODE_SIGN_IDENTITY[sdk=iphoneos*]" = "iPhone Developer";
				COPY_PHASE_STRIP = NO;
				DEBUG_INFORMATION_FORMAT = dwarf;
				ENABLE_STRICT_OBJC_MSGSEND = YES;
				ENABLE_TESTABILITY = YES;
				GCC_C_LANGUAGE_STANDARD = gnu99;
				GCC_DYNAMIC_NO_PIC = NO;
				GCC_NO_COMMON_BLOCKS = YES;
				GCC_OPTIMIZATION_LEVEL = 0;
				GCC_PREPROCESSOR_DEFINITIONS = (
					"DEBUG=1",
					"$(inherited)",
				);
				GCC_WARN_64_TO_32_BIT_CONVERSION = YES;
				GCC_WARN_ABOUT_RETURN_TYPE = YES_ERROR;
				GCC_WARN_UNDECLARED_SELECTOR = YES;
				GCC_WARN_UNINITIALIZED_AUTOS = YES_AGGRESSIVE;
				GCC_WARN_UNUSED_FUNCTION = YES;
				GCC_WARN_UNUSED_VARIABLE = YES;
				IPHONEOS_DEPLOYMENT_TARGET = 10.0;
				MTL_ENABLE_DEBUG_INFO = YES;
				ONLY_ACTIVE_ARCH = YES;
				SDKROOT = iphoneos;
				SWIFT_ACTIVE_COMPILATION_CONDITIONS = DEBUG;
				SWIFT_OPTIMIZATION_LEVEL = "-Onone";
				TARGETED_DEVICE_FAMILY = "1,2";
			};
			name = Debug;
		};
		0B4B3FC31D14043400E118E2 /* Release */ = {
			isa = XCBuildConfiguration;
			buildSettings = {
				ALWAYS_SEARCH_USER_PATHS = NO;
				CLANG_ANALYZER_NONNULL = YES;
				CLANG_CXX_LANGUAGE_STANDARD = "gnu++0x";
				CLANG_CXX_LIBRARY = "libc++";
				CLANG_ENABLE_MODULES = YES;
				CLANG_ENABLE_OBJC_ARC = YES;
				CLANG_WARN_BOOL_CONVERSION = YES;
				CLANG_WARN_CONSTANT_CONVERSION = YES;
				CLANG_WARN_DIRECT_OBJC_ISA_USAGE = YES_ERROR;
				CLANG_WARN_DOCUMENTATION_COMMENTS = YES;
				CLANG_WARN_EMPTY_BODY = YES;
				CLANG_WARN_ENUM_CONVERSION = YES;
				CLANG_WARN_INT_CONVERSION = YES;
				CLANG_WARN_OBJC_ROOT_CLASS = YES_ERROR;
				CLANG_WARN_UNREACHABLE_CODE = YES;
				CLANG_WARN__DUPLICATE_METHOD_MATCH = YES;
				"CODE_SIGN_IDENTITY[sdk=iphoneos*]" = "iPhone Developer";
				COPY_PHASE_STRIP = NO;
				DEBUG_INFORMATION_FORMAT = "dwarf-with-dsym";
				ENABLE_NS_ASSERTIONS = NO;
				ENABLE_STRICT_OBJC_MSGSEND = YES;
				GCC_C_LANGUAGE_STANDARD = gnu99;
				GCC_NO_COMMON_BLOCKS = YES;
				GCC_WARN_64_TO_32_BIT_CONVERSION = YES;
				GCC_WARN_ABOUT_RETURN_TYPE = YES_ERROR;
				GCC_WARN_UNDECLARED_SELECTOR = YES;
				GCC_WARN_UNINITIALIZED_AUTOS = YES_AGGRESSIVE;
				GCC_WARN_UNUSED_FUNCTION = YES;
				GCC_WARN_UNUSED_VARIABLE = YES;
				IPHONEOS_DEPLOYMENT_TARGET = 10.0;
				MTL_ENABLE_DEBUG_INFO = NO;
				SDKROOT = iphoneos;
				SWIFT_OPTIMIZATION_LEVEL = "-Owholemodule";
				TARGETED_DEVICE_FAMILY = "1,2";
				VALIDATE_PRODUCT = YES;
			};
			name = Release;
		};
		0B4B3FC51D14043400E118E2 /* Debug */ = {
			isa = XCBuildConfiguration;
			buildSettings = {
				ASSETCATALOG_COMPILER_APPICON_NAME = AppIcon;
				INFOPLIST_FILE = ReferenceViewDemo/Info.plist;
				LD_RUNPATH_SEARCH_PATHS = "$(inherited) @executable_path/Frameworks";
				PRODUCT_BUNDLE_IDENTIFIER = me.c0ming.ReferenceViewDemo;
				PRODUCT_NAME = "$(TARGET_NAME)";
				SWIFT_VERSION = 3.0;
			};
			name = Debug;
		};
		0B4B3FC61D14043400E118E2 /* Release */ = {
			isa = XCBuildConfiguration;
			buildSettings = {
				ASSETCATALOG_COMPILER_APPICON_NAME = AppIcon;
				INFOPLIST_FILE = ReferenceViewDemo/Info.plist;
				LD_RUNPATH_SEARCH_PATHS = "$(inherited) @executable_path/Frameworks";
				PRODUCT_BUNDLE_IDENTIFIER = me.c0ming.ReferenceViewDemo;
				PRODUCT_NAME = "$(TARGET_NAME)";
				SWIFT_VERSION = 3.0;
			};
			name = Release;
		};
		0B4B3FC81D14043400E118E2 /* Debug */ = {
			isa = XCBuildConfiguration;
			buildSettings = {
				BUNDLE_LOADER = "$(TEST_HOST)";
				INFOPLIST_FILE = ReferenceViewDemoTests/Info.plist;
				LD_RUNPATH_SEARCH_PATHS = "$(inherited) @executable_path/Frameworks @loader_path/Frameworks";
				PRODUCT_BUNDLE_IDENTIFIER = me.c0ming.ReferenceViewDemoTests;
				PRODUCT_NAME = "$(TARGET_NAME)";
				SWIFT_VERSION = 3.0;
				TEST_HOST = "$(BUILT_PRODUCTS_DIR)/ReferenceViewDemo.app/ReferenceViewDemo";
			};
			name = Debug;
		};
		0B4B3FC91D14043400E118E2 /* Release */ = {
			isa = XCBuildConfiguration;
			buildSettings = {
				BUNDLE_LOADER = "$(TEST_HOST)";
				INFOPLIST_FILE = ReferenceViewDemoTests/Info.plist;
				LD_RUNPATH_SEARCH_PATHS = "$(inherited) @executable_path/Frameworks @loader_path/Frameworks";
				PRODUCT_BUNDLE_IDENTIFIER = me.c0ming.ReferenceViewDemoTests;
				PRODUCT_NAME = "$(TARGET_NAME)";
				SWIFT_VERSION = 3.0;
				TEST_HOST = "$(BUILT_PRODUCTS_DIR)/ReferenceViewDemo.app/ReferenceViewDemo";
			};
			name = Release;
		};
		0B4B3FCB1D14043400E118E2 /* Debug */ = {
			isa = XCBuildConfiguration;
			buildSettings = {
				INFOPLIST_FILE = ReferenceViewDemoUITests/Info.plist;
				LD_RUNPATH_SEARCH_PATHS = "$(inherited) @executable_path/Frameworks @loader_path/Frameworks";
				PRODUCT_BUNDLE_IDENTIFIER = me.c0ming.ReferenceViewDemoUITests;
				PRODUCT_NAME = "$(TARGET_NAME)";
				SWIFT_VERSION = 3.0;
				TEST_TARGET_NAME = ReferenceViewDemo;
			};
			name = Debug;
		};
		0B4B3FCC1D14043400E118E2 /* Release */ = {
			isa = XCBuildConfiguration;
			buildSettings = {
				INFOPLIST_FILE = ReferenceViewDemoUITests/Info.plist;
				LD_RUNPATH_SEARCH_PATHS = "$(inherited) @executable_path/Frameworks @loader_path/Frameworks";
				PRODUCT_BUNDLE_IDENTIFIER = me.c0ming.ReferenceViewDemoUITests;
				PRODUCT_NAME = "$(TARGET_NAME)";
				SWIFT_VERSION = 3.0;
				TEST_TARGET_NAME = ReferenceViewDemo;
			};
			name = Release;
		};
/* End XCBuildConfiguration section */

/* Begin XCConfigurationList section */
		0B4B3F971D14043400E118E2 /* Build configuration list for PBXProject "ReferenceViewDemo" */ = {
			isa = XCConfigurationList;
			buildConfigurations = (
				0B4B3FC21D14043400E118E2 /* Debug */,
				0B4B3FC31D14043400E118E2 /* Release */,
			);
			defaultConfigurationIsVisible = 0;
			defaultConfigurationName = Release;
		};
		0B4B3FC41D14043400E118E2 /* Build configuration list for PBXNativeTarget "ReferenceViewDemo" */ = {
			isa = XCConfigurationList;
			buildConfigurations = (
				0B4B3FC51D14043400E118E2 /* Debug */,
				0B4B3FC61D14043400E118E2 /* Release */,
			);
			defaultConfigurationIsVisible = 0;
		};
		0B4B3FC71D14043400E118E2 /* Build configuration list for PBXNativeTarget "ReferenceViewDemoTests" */ = {
			isa = XCConfigurationList;
			buildConfigurations = (
				0B4B3FC81D14043400E118E2 /* Debug */,
				0B4B3FC91D14043400E118E2 /* Release */,
			);
			defaultConfigurationIsVisible = 0;
		};
		0B4B3FCA1D14043400E118E2 /* Build configuration list for PBXNativeTarget "ReferenceViewDemoUITests" */ = {
			isa = XCConfigurationList;
			buildConfigurations = (
				0B4B3FCB1D14043400E118E2 /* Debug */,
				0B4B3FCC1D14043400E118E2 /* Release */,
			);
			defaultConfigurationIsVisible = 0;
		};
/* End XCConfigurationList section */
	};
	rootObject = 0B4B3F941D14043400E118E2 /* Project object */;
}
